
Microsoft Visual Studio Solution File, Format Version 12.00
# Visual Studio Version 16
VisualStudioVersion = 16.0.30413.136
MinimumVisualStudioVersion = 10.0.40219.1
Project("{FAE04EC0-301F-11D3-BF4B-00C04F79EFBC}") = "Manual_Padronizacao", "Manual_Padronizacao.csproj", "{99F53EFA-17F3-4404-B147-9466E2F8F31F}"
EndProject
Global
	GlobalSection(SolutionConfigurationPlatforms) = preSolution
		Debug|Any CPU = Debug|Any CPU
		Release|Any CPU = Release|Any CPU
	EndGlobalSection
	GlobalSection(ProjectConfigurationPlatforms) = postSolution
		{99F53EFA-17F3-4404-B147-9466E2F8F31F}.Debug|Any CPU.ActiveCfg = Debug|Any CPU
		{99F53EFA-17F3-4404-B147-9466E2F8F31F}.Debug|Any CPU.Build.0 = Debug|Any CPU
		{99F53EFA-17F3-4404-B147-9466E2F8F31F}.Release|Any CPU.ActiveCfg = Release|Any CPU
		{99F53EFA-17F3-4404-B147-9466E2F8F31F}.Release|Any CPU.Build.0 = Release|Any CPU
	EndGlobalSection
	GlobalSection(SolutionProperties) = preSolution
		HideSolutionNode = FALSE
	EndGlobalSection
	GlobalSection(ExtensibilityGlobals) = postSolution
		SolutionGuid = {CF0A1710-3950-4097-A6AB-8DF54F9CB7AA}
	EndGlobalSection
EndGlobal
